
Microsoft Visual Studio Solution File, Format Version 12.00
# Visual Studio Version 17
VisualStudioVersion = 17.0.32126.317
MinimumVisualStudioVersion = 10.0.40219.1
Project("{FAE04EC0-301F-11D3-BF4B-00C04F79EFBC}") = "Collection_Generic_dataStructurePractice", "Collection_Generic_dataStructurePractice\Collection_Generic_dataStructurePractice.csproj", "{B94704D0-1F06-4356-92FD-3D6BBF9DEC97}"
EndProject
Global
	GlobalSection(SolutionConfigurationPlatforms) = preSolution
		Debug|Any CPU = Debug|Any CPU
		Release|Any CPU = Release|Any CPU
	EndGlobalSection
	GlobalSection(ProjectConfigurationPlatforms) = postSolution
		{B94704D0-1F06-4356-92FD-3D6BBF9DEC97}.Debug|Any CPU.ActiveCfg = Debug|Any CPU
		{B94704D0-1F06-4356-92FD-3D6BBF9DEC97}.Debug|Any CPU.Build.0 = Debug|Any CPU
		{B94704D0-1F06-4356-92FD-3D6BBF9DEC97}.Release|Any CPU.ActiveCfg = Release|Any CPU
		{B94704D0-1F06-4356-92FD-3D6BBF9DEC97}.Release|Any CPU.Build.0 = Release|Any CPU
	EndGlobalSection
	GlobalSection(SolutionProperties) = preSolution
		HideSolutionNode = FALSE
	EndGlobalSection
	GlobalSection(ExtensibilityGlobals) = postSolution
		SolutionGuid = {ABE6483D-0845-4DEA-B6E1-F9797BBCA7C6}
	EndGlobalSection
EndGlobal
